
Microsoft Visual Studio Solution File, Format Version 12.00
# Visual Studio Version 17
VisualStudioVersion = 17.5.33414.496
MinimumVisualStudioVersion = 10.0.40219.1
Project("{FAE04EC0-301F-11D3-BF4B-00C04F79EFBC}") = "RestWithAspNetUdemy", "RestWithAspNetUdemy\RestWithAspNetUdemy.csproj", "{A128D118-34ED-401E-84A4-E622FB71880A}"
EndProject
Global
	GlobalSection(SolutionConfigurationPlatforms) = preSolution
		Debug|Any CPU = Debug|Any CPU
		Release|Any CPU = Release|Any CPU
	EndGlobalSection
	GlobalSection(ProjectConfigurationPlatforms) = postSolution
		{A128D118-34ED-401E-84A4-E622FB71880A}.Debug|Any CPU.ActiveCfg = Debug|Any CPU
		{A128D118-34ED-401E-84A4-E622FB71880A}.Debug|Any CPU.Build.0 = Debug|Any CPU
		{A128D118-34ED-401E-84A4-E622FB71880A}.Release|Any CPU.ActiveCfg = Release|Any CPU
		{A128D118-34ED-401E-84A4-E622FB71880A}.Release|Any CPU.Build.0 = Release|Any CPU
	EndGlobalSection
	GlobalSection(SolutionProperties) = preSolution
		HideSolutionNode = FALSE
	EndGlobalSection
	GlobalSection(ExtensibilityGlobals) = postSolution
		SolutionGuid = {D1B96DCE-C576-471D-A666-F500A24D34F6}
	EndGlobalSection
EndGlobal
